
Microsoft Visual Studio Solution File, Format Version 12.00
# Visual Studio Version 16
VisualStudioVersion = 16.0.30309.148
MinimumVisualStudioVersion = 10.0.40219.1
Project("{29D75BE3-C9FC-41FD-BC5B-37C9724E443F}") = "Azure.ResourceManager.Offazurespringboot", "src\Azure.ResourceManager.Offazurespringboot.csproj", "{D5C625D7-C6EB-4CFB-9B95-A99686292679}"
EndProject
Project("{29D75BE3-C9FC-41FD-BC5B-37C9724E443F}") = "Azure.ResourceManager.Offazurespringboot.Tests", "tests\Azure.ResourceManager.Offazurespringboot.Tests.csproj", "{C9AA2983-B4E1-4B66-9A9C-B73F2B808375}"
EndProject
Project("{29D75BE3-C9FC-41FD-BC5B-37C9724E443F}") = "Azure.ResourceManager.Offazurespringboot.Samples", "samples\Azure.ResourceManager.Offazurespringboot.Samples.csproj", "{8C2ACD96-D6CB-40A4-839F-11FD5C804E3B}"
EndProject
Global
	GlobalSection(SolutionProperties) = preSolution
		HideSolutionNode = FALSE
	EndGlobalSection
	GlobalSection(ExtensibilityGlobals) = postSolution
		SolutionGuid = {43F45517-748D-49AD-8951-7723D3E255F4}
	EndGlobalSection
	GlobalSection(SolutionConfigurationPlatforms) = preSolution
		Debug|Any CPU = Debug|Any CPU
		Debug|x64 = Debug|x64
		Debug|x86 = Debug|x86
		Release|Any CPU = Release|Any CPU
		Release|x64 = Release|x64
		Release|x86 = Release|x86
	EndGlobalSection
	GlobalSection(ProjectConfigurationPlatforms) = postSolution
		{D5C625D7-C6EB-4CFB-9B95-A99686292679}.Debug|Any CPU.ActiveCfg = Debug|Any CPU
		{D5C625D7-C6EB-4CFB-9B95-A99686292679}.Debug|Any CPU.Build.0 = Debug|Any CPU
		{D5C625D7-C6EB-4CFB-9B95-A99686292679}.Debug|x64.ActiveCfg = Debug|Any CPU
		{D5C625D7-C6EB-4CFB-9B95-A99686292679}.Debug|x64.Build.0 = Debug|Any CPU
		{D5C625D7-C6EB-4CFB-9B95-A99686292679}.Debug|x86.ActiveCfg = Debug|Any CPU
		{D5C625D7-C6EB-4CFB-9B95-A99686292679}.Debug|x86.Build.0 = Debug|Any CPU
		{D5C625D7-C6EB-4CFB-9B95-A99686292679}.Release|Any CPU.ActiveCfg = Release|Any CPU
		{D5C625D7-C6EB-4CFB-9B95-A99686292679}.Release|Any CPU.Build.0 = Release|Any CPU
		{D5C625D7-C6EB-4CFB-9B95-A99686292679}.Release|x64.ActiveCfg = Release|Any CPU
		{D5C625D7-C6EB-4CFB-9B95-A99686292679}.Release|x64.Build.0 = Release|Any CPU
		{D5C625D7-C6EB-4CFB-9B95-A99686292679}.Release|x86.ActiveCfg = Release|Any CPU
		{D5C625D7-C6EB-4CFB-9B95-A99686292679}.Release|x86.Build.0 = Release|Any CPU
		{C9AA2983-B4E1-4B66-9A9C-B73F2B808375}.Debug|Any CPU.ActiveCfg = Debug|Any CPU
		{C9AA2983-B4E1-4B66-9A9C-B73F2B808375}.Debug|Any CPU.Build.0 = Debug|Any CPU
		{C9AA2983-B4E1-4B66-9A9C-B73F2B808375}.Debug|x64.ActiveCfg = Debug|Any CPU
		{C9AA2983-B4E1-4B66-9A9C-B73F2B808375}.Debug|x64.Build.0 = Debug|Any CPU
		{C9AA2983-B4E1-4B66-9A9C-B73F2B808375}.Debug|x86.ActiveCfg = Debug|Any CPU
		{C9AA2983-B4E1-4B66-9A9C-B73F2B808375}.Debug|x86.Build.0 = Debug|Any CPU
		{C9AA2983-B4E1-4B66-9A9C-B73F2B808375}.Release|Any CPU.ActiveCfg = Release|Any CPU
		{C9AA2983-B4E1-4B66-9A9C-B73F2B808375}.Release|Any CPU.Build.0 = Release|Any CPU
		{C9AA2983-B4E1-4B66-9A9C-B73F2B808375}.Release|x64.ActiveCfg = Release|Any CPU
		{C9AA2983-B4E1-4B66-9A9C-B73F2B808375}.Release|x64.Build.0 = Release|Any CPU
		{C9AA2983-B4E1-4B66-9A9C-B73F2B808375}.Release|x86.ActiveCfg = Release|Any CPU
		{C9AA2983-B4E1-4B66-9A9C-B73F2B808375}.Release|x86.Build.0 = Release|Any CPU
		{8C2ACD96-D6CB-40A4-839F-11FD5C804E3B}.Debug|Any CPU.ActiveCfg = Debug|Any CPU
		{8C2ACD96-D6CB-40A4-839F-11FD5C804E3B}.Debug|Any CPU.Build.0 = Debug|Any CPU
		{8C2ACD96-D6CB-40A4-839F-11FD5C804E3B}.Debug|x64.ActiveCfg = Debug|Any CPU
		{8C2ACD96-D6CB-40A4-839F-11FD5C804E3B}.Debug|x64.Build.0 = Debug|Any CPU
		{8C2ACD96-D6CB-40A4-839F-11FD5C804E3B}.Debug|x86.ActiveCfg = Debug|Any CPU
		{8C2ACD96-D6CB-40A4-839F-11FD5C804E3B}.Debug|x86.Build.0 = Debug|Any CPU
		{8C2ACD96-D6CB-40A4-839F-11FD5C804E3B}.Release|Any CPU.ActiveCfg = Release|Any CPU
		{8C2ACD96-D6CB-40A4-839F-11FD5C804E3B}.Release|Any CPU.Build.0 = Release|Any CPU
		{8C2ACD96-D6CB-40A4-839F-11FD5C804E3B}.Release|x64.ActiveCfg = Release|Any CPU
		{8C2ACD96-D6CB-40A4-839F-11FD5C804E3B}.Release|x64.Build.0 = Release|Any CPU
		{8C2ACD96-D6CB-40A4-839F-11FD5C804E3B}.Release|x86.ActiveCfg = Release|Any CPU
		{8C2ACD96-D6CB-40A4-839F-11FD5C804E3B}.Release|x86.Build.0 = Release|Any CPU
	EndGlobalSection
EndGlobal
