
Microsoft Visual Studio Solution File, Format Version 12.00
# Visual Studio Version 16
VisualStudioVersion = 16.0.30309.148
MinimumVisualStudioVersion = 10.0.40219.1
Project("{753A668E-532B-441E-9CC6-CBCBEA04D6A9}") = "Azure.ResourceManager.Recoveryservicesdatareplication", "src\Azure.ResourceManager.Recoveryservicesdatareplication.csproj", "{9005C564-A42C-4A9A-8D04-2B95D1F5D6DF}"
EndProject
Project("{753A668E-532B-441E-9CC6-CBCBEA04D6A9}") = "Azure.ResourceManager.Recoveryservicesdatareplication.Tests", "tests\Azure.ResourceManager.Recoveryservicesdatareplication.Tests.csproj", "{24FD2260-E77A-49B2-BFEA-E2F065314739}"
EndProject
Project("{753A668E-532B-441E-9CC6-CBCBEA04D6A9}") = "Azure.ResourceManager.Recoveryservicesdatareplication.Samples", "samples\Azure.ResourceManager.Recoveryservicesdatareplication.Samples.csproj", "{1FE2F74D-D84D-41D5-94C0-39D1259EF4A2}"
EndProject
Global
	GlobalSection(SolutionProperties) = preSolution
		HideSolutionNode = FALSE
	EndGlobalSection
	GlobalSection(ExtensibilityGlobals) = postSolution
		SolutionGuid = {9E2E2049-979A-4FE3-BF35-EF7F398BCAC6}
	EndGlobalSection
	GlobalSection(SolutionConfigurationPlatforms) = preSolution
		Debug|Any CPU = Debug|Any CPU
		Debug|x64 = Debug|x64
		Debug|x86 = Debug|x86
		Release|Any CPU = Release|Any CPU
		Release|x64 = Release|x64
		Release|x86 = Release|x86
	EndGlobalSection
	GlobalSection(ProjectConfigurationPlatforms) = postSolution
		{9005C564-A42C-4A9A-8D04-2B95D1F5D6DF}.Debug|Any CPU.ActiveCfg = Debug|Any CPU
		{9005C564-A42C-4A9A-8D04-2B95D1F5D6DF}.Debug|Any CPU.Build.0 = Debug|Any CPU
		{9005C564-A42C-4A9A-8D04-2B95D1F5D6DF}.Debug|x64.ActiveCfg = Debug|Any CPU
		{9005C564-A42C-4A9A-8D04-2B95D1F5D6DF}.Debug|x64.Build.0 = Debug|Any CPU
		{9005C564-A42C-4A9A-8D04-2B95D1F5D6DF}.Debug|x86.ActiveCfg = Debug|Any CPU
		{9005C564-A42C-4A9A-8D04-2B95D1F5D6DF}.Debug|x86.Build.0 = Debug|Any CPU
		{9005C564-A42C-4A9A-8D04-2B95D1F5D6DF}.Release|Any CPU.ActiveCfg = Release|Any CPU
		{9005C564-A42C-4A9A-8D04-2B95D1F5D6DF}.Release|Any CPU.Build.0 = Release|Any CPU
		{9005C564-A42C-4A9A-8D04-2B95D1F5D6DF}.Release|x64.ActiveCfg = Release|Any CPU
		{9005C564-A42C-4A9A-8D04-2B95D1F5D6DF}.Release|x64.Build.0 = Release|Any CPU
		{9005C564-A42C-4A9A-8D04-2B95D1F5D6DF}.Release|x86.ActiveCfg = Release|Any CPU
		{9005C564-A42C-4A9A-8D04-2B95D1F5D6DF}.Release|x86.Build.0 = Release|Any CPU
		{24FD2260-E77A-49B2-BFEA-E2F065314739}.Debug|Any CPU.ActiveCfg = Debug|Any CPU
		{24FD2260-E77A-49B2-BFEA-E2F065314739}.Debug|Any CPU.Build.0 = Debug|Any CPU
		{24FD2260-E77A-49B2-BFEA-E2F065314739}.Debug|x64.ActiveCfg = Debug|Any CPU
		{24FD2260-E77A-49B2-BFEA-E2F065314739}.Debug|x64.Build.0 = Debug|Any CPU
		{24FD2260-E77A-49B2-BFEA-E2F065314739}.Debug|x86.ActiveCfg = Debug|Any CPU
		{24FD2260-E77A-49B2-BFEA-E2F065314739}.Debug|x86.Build.0 = Debug|Any CPU
		{24FD2260-E77A-49B2-BFEA-E2F065314739}.Release|Any CPU.ActiveCfg = Release|Any CPU
		{24FD2260-E77A-49B2-BFEA-E2F065314739}.Release|Any CPU.Build.0 = Release|Any CPU
		{24FD2260-E77A-49B2-BFEA-E2F065314739}.Release|x64.ActiveCfg = Release|Any CPU
		{24FD2260-E77A-49B2-BFEA-E2F065314739}.Release|x64.Build.0 = Release|Any CPU
		{24FD2260-E77A-49B2-BFEA-E2F065314739}.Release|x86.ActiveCfg = Release|Any CPU
		{24FD2260-E77A-49B2-BFEA-E2F065314739}.Release|x86.Build.0 = Release|Any CPU
		{1FE2F74D-D84D-41D5-94C0-39D1259EF4A2}.Debug|Any CPU.ActiveCfg = Debug|Any CPU
		{1FE2F74D-D84D-41D5-94C0-39D1259EF4A2}.Debug|Any CPU.Build.0 = Debug|Any CPU
		{1FE2F74D-D84D-41D5-94C0-39D1259EF4A2}.Debug|x64.ActiveCfg = Debug|Any CPU
		{1FE2F74D-D84D-41D5-94C0-39D1259EF4A2}.Debug|x64.Build.0 = Debug|Any CPU
		{1FE2F74D-D84D-41D5-94C0-39D1259EF4A2}.Debug|x86.ActiveCfg = Debug|Any CPU
		{1FE2F74D-D84D-41D5-94C0-39D1259EF4A2}.Debug|x86.Build.0 = Debug|Any CPU
		{1FE2F74D-D84D-41D5-94C0-39D1259EF4A2}.Release|Any CPU.ActiveCfg = Release|Any CPU
		{1FE2F74D-D84D-41D5-94C0-39D1259EF4A2}.Release|Any CPU.Build.0 = Release|Any CPU
		{1FE2F74D-D84D-41D5-94C0-39D1259EF4A2}.Release|x64.ActiveCfg = Release|Any CPU
		{1FE2F74D-D84D-41D5-94C0-39D1259EF4A2}.Release|x64.Build.0 = Release|Any CPU
		{1FE2F74D-D84D-41D5-94C0-39D1259EF4A2}.Release|x86.ActiveCfg = Release|Any CPU
		{1FE2F74D-D84D-41D5-94C0-39D1259EF4A2}.Release|x86.Build.0 = Release|Any CPU
	EndGlobalSection
EndGlobal
