
Microsoft Visual Studio Solution File, Format Version 12.00
# Visual Studio Version 16
VisualStudioVersion = 16.0.30309.148
MinimumVisualStudioVersion = 10.0.40219.1
Project("{174A5E91-EC63-467A-8DED-26F85ABF120A}") = "Azure.ResourceManager.Recoveryservicesdatareplication", "src\Azure.ResourceManager.Recoveryservicesdatareplication.csproj", "{A08BE2D8-F4C6-4645-BC0F-0806CCE3053B}"
EndProject
Project("{174A5E91-EC63-467A-8DED-26F85ABF120A}") = "Azure.ResourceManager.Recoveryservicesdatareplication.Tests", "tests\Azure.ResourceManager.Recoveryservicesdatareplication.Tests.csproj", "{24F4865D-4C10-449B-A24A-40EB7635DAD9}"
EndProject
Project("{174A5E91-EC63-467A-8DED-26F85ABF120A}") = "Azure.ResourceManager.Recoveryservicesdatareplication.Samples", "samples\Azure.ResourceManager.Recoveryservicesdatareplication.Samples.csproj", "{0BAEF69B-C333-45C1-858D-45FC76DD5DFA}"
EndProject
Global
	GlobalSection(SolutionProperties) = preSolution
		HideSolutionNode = FALSE
	EndGlobalSection
	GlobalSection(ExtensibilityGlobals) = postSolution
		SolutionGuid = {A48C254D-4611-4F8C-AB51-43E8C804D913}
	EndGlobalSection
	GlobalSection(SolutionConfigurationPlatforms) = preSolution
		Debug|Any CPU = Debug|Any CPU
		Debug|x64 = Debug|x64
		Debug|x86 = Debug|x86
		Release|Any CPU = Release|Any CPU
		Release|x64 = Release|x64
		Release|x86 = Release|x86
	EndGlobalSection
	GlobalSection(ProjectConfigurationPlatforms) = postSolution
		{A08BE2D8-F4C6-4645-BC0F-0806CCE3053B}.Debug|Any CPU.ActiveCfg = Debug|Any CPU
		{A08BE2D8-F4C6-4645-BC0F-0806CCE3053B}.Debug|Any CPU.Build.0 = Debug|Any CPU
		{A08BE2D8-F4C6-4645-BC0F-0806CCE3053B}.Debug|x64.ActiveCfg = Debug|Any CPU
		{A08BE2D8-F4C6-4645-BC0F-0806CCE3053B}.Debug|x64.Build.0 = Debug|Any CPU
		{A08BE2D8-F4C6-4645-BC0F-0806CCE3053B}.Debug|x86.ActiveCfg = Debug|Any CPU
		{A08BE2D8-F4C6-4645-BC0F-0806CCE3053B}.Debug|x86.Build.0 = Debug|Any CPU
		{A08BE2D8-F4C6-4645-BC0F-0806CCE3053B}.Release|Any CPU.ActiveCfg = Release|Any CPU
		{A08BE2D8-F4C6-4645-BC0F-0806CCE3053B}.Release|Any CPU.Build.0 = Release|Any CPU
		{A08BE2D8-F4C6-4645-BC0F-0806CCE3053B}.Release|x64.ActiveCfg = Release|Any CPU
		{A08BE2D8-F4C6-4645-BC0F-0806CCE3053B}.Release|x64.Build.0 = Release|Any CPU
		{A08BE2D8-F4C6-4645-BC0F-0806CCE3053B}.Release|x86.ActiveCfg = Release|Any CPU
		{A08BE2D8-F4C6-4645-BC0F-0806CCE3053B}.Release|x86.Build.0 = Release|Any CPU
		{24F4865D-4C10-449B-A24A-40EB7635DAD9}.Debug|Any CPU.ActiveCfg = Debug|Any CPU
		{24F4865D-4C10-449B-A24A-40EB7635DAD9}.Debug|Any CPU.Build.0 = Debug|Any CPU
		{24F4865D-4C10-449B-A24A-40EB7635DAD9}.Debug|x64.ActiveCfg = Debug|Any CPU
		{24F4865D-4C10-449B-A24A-40EB7635DAD9}.Debug|x64.Build.0 = Debug|Any CPU
		{24F4865D-4C10-449B-A24A-40EB7635DAD9}.Debug|x86.ActiveCfg = Debug|Any CPU
		{24F4865D-4C10-449B-A24A-40EB7635DAD9}.Debug|x86.Build.0 = Debug|Any CPU
		{24F4865D-4C10-449B-A24A-40EB7635DAD9}.Release|Any CPU.ActiveCfg = Release|Any CPU
		{24F4865D-4C10-449B-A24A-40EB7635DAD9}.Release|Any CPU.Build.0 = Release|Any CPU
		{24F4865D-4C10-449B-A24A-40EB7635DAD9}.Release|x64.ActiveCfg = Release|Any CPU
		{24F4865D-4C10-449B-A24A-40EB7635DAD9}.Release|x64.Build.0 = Release|Any CPU
		{24F4865D-4C10-449B-A24A-40EB7635DAD9}.Release|x86.ActiveCfg = Release|Any CPU
		{24F4865D-4C10-449B-A24A-40EB7635DAD9}.Release|x86.Build.0 = Release|Any CPU
		{0BAEF69B-C333-45C1-858D-45FC76DD5DFA}.Debug|Any CPU.ActiveCfg = Debug|Any CPU
		{0BAEF69B-C333-45C1-858D-45FC76DD5DFA}.Debug|Any CPU.Build.0 = Debug|Any CPU
		{0BAEF69B-C333-45C1-858D-45FC76DD5DFA}.Debug|x64.ActiveCfg = Debug|Any CPU
		{0BAEF69B-C333-45C1-858D-45FC76DD5DFA}.Debug|x64.Build.0 = Debug|Any CPU
		{0BAEF69B-C333-45C1-858D-45FC76DD5DFA}.Debug|x86.ActiveCfg = Debug|Any CPU
		{0BAEF69B-C333-45C1-858D-45FC76DD5DFA}.Debug|x86.Build.0 = Debug|Any CPU
		{0BAEF69B-C333-45C1-858D-45FC76DD5DFA}.Release|Any CPU.ActiveCfg = Release|Any CPU
		{0BAEF69B-C333-45C1-858D-45FC76DD5DFA}.Release|Any CPU.Build.0 = Release|Any CPU
		{0BAEF69B-C333-45C1-858D-45FC76DD5DFA}.Release|x64.ActiveCfg = Release|Any CPU
		{0BAEF69B-C333-45C1-858D-45FC76DD5DFA}.Release|x64.Build.0 = Release|Any CPU
		{0BAEF69B-C333-45C1-858D-45FC76DD5DFA}.Release|x86.ActiveCfg = Release|Any CPU
		{0BAEF69B-C333-45C1-858D-45FC76DD5DFA}.Release|x86.Build.0 = Release|Any CPU
	EndGlobalSection
EndGlobal
