
Microsoft Visual Studio Solution File, Format Version 12.00
# Visual Studio Version 16
VisualStudioVersion = 16.0.30309.148
MinimumVisualStudioVersion = 10.0.40219.1
Project("{B1BDCDD5-8223-491F-8DD3-7FDB4DEBB5BA}") = "Azure.ResourceManager.Codesigning", "src\Azure.ResourceManager.Codesigning.csproj", "{4E749E81-800C-4BB4-A620-68E78F0FA795}"
EndProject
Project("{B1BDCDD5-8223-491F-8DD3-7FDB4DEBB5BA}") = "Azure.ResourceManager.Codesigning.Tests", "tests\Azure.ResourceManager.Codesigning.Tests.csproj", "{551A5B01-5FD1-49B9-B52F-77DA73468972}"
EndProject
Project("{B1BDCDD5-8223-491F-8DD3-7FDB4DEBB5BA}") = "Azure.ResourceManager.Codesigning.Samples", "samples\Azure.ResourceManager.Codesigning.Samples.csproj", "{C198175A-EA70-4EDE-AACE-3AB32258E52C}"
EndProject
Global
	GlobalSection(SolutionProperties) = preSolution
		HideSolutionNode = FALSE
	EndGlobalSection
	GlobalSection(ExtensibilityGlobals) = postSolution
		SolutionGuid = {D792EECB-56EE-45FC-A84A-A27C6F53A2C4}
	EndGlobalSection
	GlobalSection(SolutionConfigurationPlatforms) = preSolution
		Debug|Any CPU = Debug|Any CPU
		Debug|x64 = Debug|x64
		Debug|x86 = Debug|x86
		Release|Any CPU = Release|Any CPU
		Release|x64 = Release|x64
		Release|x86 = Release|x86
	EndGlobalSection
	GlobalSection(ProjectConfigurationPlatforms) = postSolution
		{4E749E81-800C-4BB4-A620-68E78F0FA795}.Debug|Any CPU.ActiveCfg = Debug|Any CPU
		{4E749E81-800C-4BB4-A620-68E78F0FA795}.Debug|Any CPU.Build.0 = Debug|Any CPU
		{4E749E81-800C-4BB4-A620-68E78F0FA795}.Debug|x64.ActiveCfg = Debug|Any CPU
		{4E749E81-800C-4BB4-A620-68E78F0FA795}.Debug|x64.Build.0 = Debug|Any CPU
		{4E749E81-800C-4BB4-A620-68E78F0FA795}.Debug|x86.ActiveCfg = Debug|Any CPU
		{4E749E81-800C-4BB4-A620-68E78F0FA795}.Debug|x86.Build.0 = Debug|Any CPU
		{4E749E81-800C-4BB4-A620-68E78F0FA795}.Release|Any CPU.ActiveCfg = Release|Any CPU
		{4E749E81-800C-4BB4-A620-68E78F0FA795}.Release|Any CPU.Build.0 = Release|Any CPU
		{4E749E81-800C-4BB4-A620-68E78F0FA795}.Release|x64.ActiveCfg = Release|Any CPU
		{4E749E81-800C-4BB4-A620-68E78F0FA795}.Release|x64.Build.0 = Release|Any CPU
		{4E749E81-800C-4BB4-A620-68E78F0FA795}.Release|x86.ActiveCfg = Release|Any CPU
		{4E749E81-800C-4BB4-A620-68E78F0FA795}.Release|x86.Build.0 = Release|Any CPU
		{551A5B01-5FD1-49B9-B52F-77DA73468972}.Debug|Any CPU.ActiveCfg = Debug|Any CPU
		{551A5B01-5FD1-49B9-B52F-77DA73468972}.Debug|Any CPU.Build.0 = Debug|Any CPU
		{551A5B01-5FD1-49B9-B52F-77DA73468972}.Debug|x64.ActiveCfg = Debug|Any CPU
		{551A5B01-5FD1-49B9-B52F-77DA73468972}.Debug|x64.Build.0 = Debug|Any CPU
		{551A5B01-5FD1-49B9-B52F-77DA73468972}.Debug|x86.ActiveCfg = Debug|Any CPU
		{551A5B01-5FD1-49B9-B52F-77DA73468972}.Debug|x86.Build.0 = Debug|Any CPU
		{551A5B01-5FD1-49B9-B52F-77DA73468972}.Release|Any CPU.ActiveCfg = Release|Any CPU
		{551A5B01-5FD1-49B9-B52F-77DA73468972}.Release|Any CPU.Build.0 = Release|Any CPU
		{551A5B01-5FD1-49B9-B52F-77DA73468972}.Release|x64.ActiveCfg = Release|Any CPU
		{551A5B01-5FD1-49B9-B52F-77DA73468972}.Release|x64.Build.0 = Release|Any CPU
		{551A5B01-5FD1-49B9-B52F-77DA73468972}.Release|x86.ActiveCfg = Release|Any CPU
		{551A5B01-5FD1-49B9-B52F-77DA73468972}.Release|x86.Build.0 = Release|Any CPU
		{C198175A-EA70-4EDE-AACE-3AB32258E52C}.Debug|Any CPU.ActiveCfg = Debug|Any CPU
		{C198175A-EA70-4EDE-AACE-3AB32258E52C}.Debug|Any CPU.Build.0 = Debug|Any CPU
		{C198175A-EA70-4EDE-AACE-3AB32258E52C}.Debug|x64.ActiveCfg = Debug|Any CPU
		{C198175A-EA70-4EDE-AACE-3AB32258E52C}.Debug|x64.Build.0 = Debug|Any CPU
		{C198175A-EA70-4EDE-AACE-3AB32258E52C}.Debug|x86.ActiveCfg = Debug|Any CPU
		{C198175A-EA70-4EDE-AACE-3AB32258E52C}.Debug|x86.Build.0 = Debug|Any CPU
		{C198175A-EA70-4EDE-AACE-3AB32258E52C}.Release|Any CPU.ActiveCfg = Release|Any CPU
		{C198175A-EA70-4EDE-AACE-3AB32258E52C}.Release|Any CPU.Build.0 = Release|Any CPU
		{C198175A-EA70-4EDE-AACE-3AB32258E52C}.Release|x64.ActiveCfg = Release|Any CPU
		{C198175A-EA70-4EDE-AACE-3AB32258E52C}.Release|x64.Build.0 = Release|Any CPU
		{C198175A-EA70-4EDE-AACE-3AB32258E52C}.Release|x86.ActiveCfg = Release|Any CPU
		{C198175A-EA70-4EDE-AACE-3AB32258E52C}.Release|x86.Build.0 = Release|Any CPU
	EndGlobalSection
EndGlobal
