
Microsoft Visual Studio Solution File, Format Version 12.00
# Visual Studio Version 16
VisualStudioVersion = 16.0.30309.148
MinimumVisualStudioVersion = 10.0.40219.1
Project("{4DDF6E23-664A-4377-9E81-DDF9CD999071}") = "Azure.ResourceManager.Oracle", "src\Azure.ResourceManager.Oracle.csproj", "{6C43A0EA-CFAC-4F47-9077-51D0620BF80F}"
EndProject
Project("{4DDF6E23-664A-4377-9E81-DDF9CD999071}") = "Azure.ResourceManager.Oracle.Tests", "tests\Azure.ResourceManager.Oracle.Tests.csproj", "{08C7B92C-822E-40EA-A6A9-1575DC8D7CBB}"
EndProject
Project("{4DDF6E23-664A-4377-9E81-DDF9CD999071}") = "Azure.ResourceManager.Oracle.Samples", "samples\Azure.ResourceManager.Oracle.Samples.csproj", "{5734AFD2-B83D-4461-9F82-A5A9E888F390}"
EndProject
Global
	GlobalSection(SolutionProperties) = preSolution
		HideSolutionNode = FALSE
	EndGlobalSection
	GlobalSection(ExtensibilityGlobals) = postSolution
		SolutionGuid = {51C1E7F0-2FE6-49CC-9922-DA9CA170CD02}
	EndGlobalSection
	GlobalSection(SolutionConfigurationPlatforms) = preSolution
		Debug|Any CPU = Debug|Any CPU
		Debug|x64 = Debug|x64
		Debug|x86 = Debug|x86
		Release|Any CPU = Release|Any CPU
		Release|x64 = Release|x64
		Release|x86 = Release|x86
	EndGlobalSection
	GlobalSection(ProjectConfigurationPlatforms) = postSolution
		{6C43A0EA-CFAC-4F47-9077-51D0620BF80F}.Debug|Any CPU.ActiveCfg = Debug|Any CPU
		{6C43A0EA-CFAC-4F47-9077-51D0620BF80F}.Debug|Any CPU.Build.0 = Debug|Any CPU
		{6C43A0EA-CFAC-4F47-9077-51D0620BF80F}.Debug|x64.ActiveCfg = Debug|Any CPU
		{6C43A0EA-CFAC-4F47-9077-51D0620BF80F}.Debug|x64.Build.0 = Debug|Any CPU
		{6C43A0EA-CFAC-4F47-9077-51D0620BF80F}.Debug|x86.ActiveCfg = Debug|Any CPU
		{6C43A0EA-CFAC-4F47-9077-51D0620BF80F}.Debug|x86.Build.0 = Debug|Any CPU
		{6C43A0EA-CFAC-4F47-9077-51D0620BF80F}.Release|Any CPU.ActiveCfg = Release|Any CPU
		{6C43A0EA-CFAC-4F47-9077-51D0620BF80F}.Release|Any CPU.Build.0 = Release|Any CPU
		{6C43A0EA-CFAC-4F47-9077-51D0620BF80F}.Release|x64.ActiveCfg = Release|Any CPU
		{6C43A0EA-CFAC-4F47-9077-51D0620BF80F}.Release|x64.Build.0 = Release|Any CPU
		{6C43A0EA-CFAC-4F47-9077-51D0620BF80F}.Release|x86.ActiveCfg = Release|Any CPU
		{6C43A0EA-CFAC-4F47-9077-51D0620BF80F}.Release|x86.Build.0 = Release|Any CPU
		{08C7B92C-822E-40EA-A6A9-1575DC8D7CBB}.Debug|Any CPU.ActiveCfg = Debug|Any CPU
		{08C7B92C-822E-40EA-A6A9-1575DC8D7CBB}.Debug|Any CPU.Build.0 = Debug|Any CPU
		{08C7B92C-822E-40EA-A6A9-1575DC8D7CBB}.Debug|x64.ActiveCfg = Debug|Any CPU
		{08C7B92C-822E-40EA-A6A9-1575DC8D7CBB}.Debug|x64.Build.0 = Debug|Any CPU
		{08C7B92C-822E-40EA-A6A9-1575DC8D7CBB}.Debug|x86.ActiveCfg = Debug|Any CPU
		{08C7B92C-822E-40EA-A6A9-1575DC8D7CBB}.Debug|x86.Build.0 = Debug|Any CPU
		{08C7B92C-822E-40EA-A6A9-1575DC8D7CBB}.Release|Any CPU.ActiveCfg = Release|Any CPU
		{08C7B92C-822E-40EA-A6A9-1575DC8D7CBB}.Release|Any CPU.Build.0 = Release|Any CPU
		{08C7B92C-822E-40EA-A6A9-1575DC8D7CBB}.Release|x64.ActiveCfg = Release|Any CPU
		{08C7B92C-822E-40EA-A6A9-1575DC8D7CBB}.Release|x64.Build.0 = Release|Any CPU
		{08C7B92C-822E-40EA-A6A9-1575DC8D7CBB}.Release|x86.ActiveCfg = Release|Any CPU
		{08C7B92C-822E-40EA-A6A9-1575DC8D7CBB}.Release|x86.Build.0 = Release|Any CPU
		{5734AFD2-B83D-4461-9F82-A5A9E888F390}.Debug|Any CPU.ActiveCfg = Debug|Any CPU
		{5734AFD2-B83D-4461-9F82-A5A9E888F390}.Debug|Any CPU.Build.0 = Debug|Any CPU
		{5734AFD2-B83D-4461-9F82-A5A9E888F390}.Debug|x64.ActiveCfg = Debug|Any CPU
		{5734AFD2-B83D-4461-9F82-A5A9E888F390}.Debug|x64.Build.0 = Debug|Any CPU
		{5734AFD2-B83D-4461-9F82-A5A9E888F390}.Debug|x86.ActiveCfg = Debug|Any CPU
		{5734AFD2-B83D-4461-9F82-A5A9E888F390}.Debug|x86.Build.0 = Debug|Any CPU
		{5734AFD2-B83D-4461-9F82-A5A9E888F390}.Release|Any CPU.ActiveCfg = Release|Any CPU
		{5734AFD2-B83D-4461-9F82-A5A9E888F390}.Release|Any CPU.Build.0 = Release|Any CPU
		{5734AFD2-B83D-4461-9F82-A5A9E888F390}.Release|x64.ActiveCfg = Release|Any CPU
		{5734AFD2-B83D-4461-9F82-A5A9E888F390}.Release|x64.Build.0 = Release|Any CPU
		{5734AFD2-B83D-4461-9F82-A5A9E888F390}.Release|x86.ActiveCfg = Release|Any CPU
		{5734AFD2-B83D-4461-9F82-A5A9E888F390}.Release|x86.Build.0 = Release|Any CPU
	EndGlobalSection
EndGlobal
