
Microsoft Visual Studio Solution File, Format Version 12.00
# Visual Studio Version 16
VisualStudioVersion = 16.0.30309.148
MinimumVisualStudioVersion = 10.0.40219.1
Project("{9E0C21A2-9F55-45E5-ADDD-FE690F6C8F74}") = "Azure.ResourceManager.Terraform", "src\Azure.ResourceManager.Terraform.csproj", "{CC83E2BF-2CE3-42A1-BE98-3D9DCDBC23CB}"
EndProject
Project("{9E0C21A2-9F55-45E5-ADDD-FE690F6C8F74}") = "Azure.ResourceManager.Terraform.Tests", "tests\Azure.ResourceManager.Terraform.Tests.csproj", "{46F0F4FB-2D9E-4301-B6E3-56CC43BD357C}"
EndProject
Project("{9E0C21A2-9F55-45E5-ADDD-FE690F6C8F74}") = "Azure.ResourceManager.Terraform.Samples", "samples\Azure.ResourceManager.Terraform.Samples.csproj", "{6C3C7E7A-F354-415B-9B0C-E9B891BA8C28}"
EndProject
Global
	GlobalSection(SolutionProperties) = preSolution
		HideSolutionNode = FALSE
	EndGlobalSection
	GlobalSection(ExtensibilityGlobals) = postSolution
		SolutionGuid = {C64CAF6E-BE03-4219-9AA9-11743D42AB8D}
	EndGlobalSection
	GlobalSection(SolutionConfigurationPlatforms) = preSolution
		Debug|Any CPU = Debug|Any CPU
		Debug|x64 = Debug|x64
		Debug|x86 = Debug|x86
		Release|Any CPU = Release|Any CPU
		Release|x64 = Release|x64
		Release|x86 = Release|x86
	EndGlobalSection
	GlobalSection(ProjectConfigurationPlatforms) = postSolution
		{CC83E2BF-2CE3-42A1-BE98-3D9DCDBC23CB}.Debug|Any CPU.ActiveCfg = Debug|Any CPU
		{CC83E2BF-2CE3-42A1-BE98-3D9DCDBC23CB}.Debug|Any CPU.Build.0 = Debug|Any CPU
		{CC83E2BF-2CE3-42A1-BE98-3D9DCDBC23CB}.Debug|x64.ActiveCfg = Debug|Any CPU
		{CC83E2BF-2CE3-42A1-BE98-3D9DCDBC23CB}.Debug|x64.Build.0 = Debug|Any CPU
		{CC83E2BF-2CE3-42A1-BE98-3D9DCDBC23CB}.Debug|x86.ActiveCfg = Debug|Any CPU
		{CC83E2BF-2CE3-42A1-BE98-3D9DCDBC23CB}.Debug|x86.Build.0 = Debug|Any CPU
		{CC83E2BF-2CE3-42A1-BE98-3D9DCDBC23CB}.Release|Any CPU.ActiveCfg = Release|Any CPU
		{CC83E2BF-2CE3-42A1-BE98-3D9DCDBC23CB}.Release|Any CPU.Build.0 = Release|Any CPU
		{CC83E2BF-2CE3-42A1-BE98-3D9DCDBC23CB}.Release|x64.ActiveCfg = Release|Any CPU
		{CC83E2BF-2CE3-42A1-BE98-3D9DCDBC23CB}.Release|x64.Build.0 = Release|Any CPU
		{CC83E2BF-2CE3-42A1-BE98-3D9DCDBC23CB}.Release|x86.ActiveCfg = Release|Any CPU
		{CC83E2BF-2CE3-42A1-BE98-3D9DCDBC23CB}.Release|x86.Build.0 = Release|Any CPU
		{46F0F4FB-2D9E-4301-B6E3-56CC43BD357C}.Debug|Any CPU.ActiveCfg = Debug|Any CPU
		{46F0F4FB-2D9E-4301-B6E3-56CC43BD357C}.Debug|Any CPU.Build.0 = Debug|Any CPU
		{46F0F4FB-2D9E-4301-B6E3-56CC43BD357C}.Debug|x64.ActiveCfg = Debug|Any CPU
		{46F0F4FB-2D9E-4301-B6E3-56CC43BD357C}.Debug|x64.Build.0 = Debug|Any CPU
		{46F0F4FB-2D9E-4301-B6E3-56CC43BD357C}.Debug|x86.ActiveCfg = Debug|Any CPU
		{46F0F4FB-2D9E-4301-B6E3-56CC43BD357C}.Debug|x86.Build.0 = Debug|Any CPU
		{46F0F4FB-2D9E-4301-B6E3-56CC43BD357C}.Release|Any CPU.ActiveCfg = Release|Any CPU
		{46F0F4FB-2D9E-4301-B6E3-56CC43BD357C}.Release|Any CPU.Build.0 = Release|Any CPU
		{46F0F4FB-2D9E-4301-B6E3-56CC43BD357C}.Release|x64.ActiveCfg = Release|Any CPU
		{46F0F4FB-2D9E-4301-B6E3-56CC43BD357C}.Release|x64.Build.0 = Release|Any CPU
		{46F0F4FB-2D9E-4301-B6E3-56CC43BD357C}.Release|x86.ActiveCfg = Release|Any CPU
		{46F0F4FB-2D9E-4301-B6E3-56CC43BD357C}.Release|x86.Build.0 = Release|Any CPU
		{6C3C7E7A-F354-415B-9B0C-E9B891BA8C28}.Debug|Any CPU.ActiveCfg = Debug|Any CPU
		{6C3C7E7A-F354-415B-9B0C-E9B891BA8C28}.Debug|Any CPU.Build.0 = Debug|Any CPU
		{6C3C7E7A-F354-415B-9B0C-E9B891BA8C28}.Debug|x64.ActiveCfg = Debug|Any CPU
		{6C3C7E7A-F354-415B-9B0C-E9B891BA8C28}.Debug|x64.Build.0 = Debug|Any CPU
		{6C3C7E7A-F354-415B-9B0C-E9B891BA8C28}.Debug|x86.ActiveCfg = Debug|Any CPU
		{6C3C7E7A-F354-415B-9B0C-E9B891BA8C28}.Debug|x86.Build.0 = Debug|Any CPU
		{6C3C7E7A-F354-415B-9B0C-E9B891BA8C28}.Release|Any CPU.ActiveCfg = Release|Any CPU
		{6C3C7E7A-F354-415B-9B0C-E9B891BA8C28}.Release|Any CPU.Build.0 = Release|Any CPU
		{6C3C7E7A-F354-415B-9B0C-E9B891BA8C28}.Release|x64.ActiveCfg = Release|Any CPU
		{6C3C7E7A-F354-415B-9B0C-E9B891BA8C28}.Release|x64.Build.0 = Release|Any CPU
		{6C3C7E7A-F354-415B-9B0C-E9B891BA8C28}.Release|x86.ActiveCfg = Release|Any CPU
		{6C3C7E7A-F354-415B-9B0C-E9B891BA8C28}.Release|x86.Build.0 = Release|Any CPU
	EndGlobalSection
EndGlobal
