
Microsoft Visual Studio Solution File, Format Version 12.00
# Visual Studio Version 16
VisualStudioVersion = 16.0.30309.148
MinimumVisualStudioVersion = 10.0.40219.1
Project("{708C5E77-A6B1-4BBB-9774-7AA68A54D1F4}") = "Azure.ResourceManager.Terraform", "src\Azure.ResourceManager.Terraform.csproj", "{15C2D7CA-57EC-420F-82C0-A99C11B915D8}"
EndProject
Project("{708C5E77-A6B1-4BBB-9774-7AA68A54D1F4}") = "Azure.ResourceManager.Terraform.Tests", "tests\Azure.ResourceManager.Terraform.Tests.csproj", "{747F1210-B2F6-42B0-8B7F-11C35C4F3018}"
EndProject
Project("{708C5E77-A6B1-4BBB-9774-7AA68A54D1F4}") = "Azure.ResourceManager.Terraform.Samples", "samples\Azure.ResourceManager.Terraform.Samples.csproj", "{EDE60CB4-BD79-48DF-913C-D4994C06E379}"
EndProject
Global
	GlobalSection(SolutionProperties) = preSolution
		HideSolutionNode = FALSE
	EndGlobalSection
	GlobalSection(ExtensibilityGlobals) = postSolution
		SolutionGuid = {8FEFA29E-00A2-439D-A5E3-CD46864E5C0C}
	EndGlobalSection
	GlobalSection(SolutionConfigurationPlatforms) = preSolution
		Debug|Any CPU = Debug|Any CPU
		Debug|x64 = Debug|x64
		Debug|x86 = Debug|x86
		Release|Any CPU = Release|Any CPU
		Release|x64 = Release|x64
		Release|x86 = Release|x86
	EndGlobalSection
	GlobalSection(ProjectConfigurationPlatforms) = postSolution
		{15C2D7CA-57EC-420F-82C0-A99C11B915D8}.Debug|Any CPU.ActiveCfg = Debug|Any CPU
		{15C2D7CA-57EC-420F-82C0-A99C11B915D8}.Debug|Any CPU.Build.0 = Debug|Any CPU
		{15C2D7CA-57EC-420F-82C0-A99C11B915D8}.Debug|x64.ActiveCfg = Debug|Any CPU
		{15C2D7CA-57EC-420F-82C0-A99C11B915D8}.Debug|x64.Build.0 = Debug|Any CPU
		{15C2D7CA-57EC-420F-82C0-A99C11B915D8}.Debug|x86.ActiveCfg = Debug|Any CPU
		{15C2D7CA-57EC-420F-82C0-A99C11B915D8}.Debug|x86.Build.0 = Debug|Any CPU
		{15C2D7CA-57EC-420F-82C0-A99C11B915D8}.Release|Any CPU.ActiveCfg = Release|Any CPU
		{15C2D7CA-57EC-420F-82C0-A99C11B915D8}.Release|Any CPU.Build.0 = Release|Any CPU
		{15C2D7CA-57EC-420F-82C0-A99C11B915D8}.Release|x64.ActiveCfg = Release|Any CPU
		{15C2D7CA-57EC-420F-82C0-A99C11B915D8}.Release|x64.Build.0 = Release|Any CPU
		{15C2D7CA-57EC-420F-82C0-A99C11B915D8}.Release|x86.ActiveCfg = Release|Any CPU
		{15C2D7CA-57EC-420F-82C0-A99C11B915D8}.Release|x86.Build.0 = Release|Any CPU
		{747F1210-B2F6-42B0-8B7F-11C35C4F3018}.Debug|Any CPU.ActiveCfg = Debug|Any CPU
		{747F1210-B2F6-42B0-8B7F-11C35C4F3018}.Debug|Any CPU.Build.0 = Debug|Any CPU
		{747F1210-B2F6-42B0-8B7F-11C35C4F3018}.Debug|x64.ActiveCfg = Debug|Any CPU
		{747F1210-B2F6-42B0-8B7F-11C35C4F3018}.Debug|x64.Build.0 = Debug|Any CPU
		{747F1210-B2F6-42B0-8B7F-11C35C4F3018}.Debug|x86.ActiveCfg = Debug|Any CPU
		{747F1210-B2F6-42B0-8B7F-11C35C4F3018}.Debug|x86.Build.0 = Debug|Any CPU
		{747F1210-B2F6-42B0-8B7F-11C35C4F3018}.Release|Any CPU.ActiveCfg = Release|Any CPU
		{747F1210-B2F6-42B0-8B7F-11C35C4F3018}.Release|Any CPU.Build.0 = Release|Any CPU
		{747F1210-B2F6-42B0-8B7F-11C35C4F3018}.Release|x64.ActiveCfg = Release|Any CPU
		{747F1210-B2F6-42B0-8B7F-11C35C4F3018}.Release|x64.Build.0 = Release|Any CPU
		{747F1210-B2F6-42B0-8B7F-11C35C4F3018}.Release|x86.ActiveCfg = Release|Any CPU
		{747F1210-B2F6-42B0-8B7F-11C35C4F3018}.Release|x86.Build.0 = Release|Any CPU
		{EDE60CB4-BD79-48DF-913C-D4994C06E379}.Debug|Any CPU.ActiveCfg = Debug|Any CPU
		{EDE60CB4-BD79-48DF-913C-D4994C06E379}.Debug|Any CPU.Build.0 = Debug|Any CPU
		{EDE60CB4-BD79-48DF-913C-D4994C06E379}.Debug|x64.ActiveCfg = Debug|Any CPU
		{EDE60CB4-BD79-48DF-913C-D4994C06E379}.Debug|x64.Build.0 = Debug|Any CPU
		{EDE60CB4-BD79-48DF-913C-D4994C06E379}.Debug|x86.ActiveCfg = Debug|Any CPU
		{EDE60CB4-BD79-48DF-913C-D4994C06E379}.Debug|x86.Build.0 = Debug|Any CPU
		{EDE60CB4-BD79-48DF-913C-D4994C06E379}.Release|Any CPU.ActiveCfg = Release|Any CPU
		{EDE60CB4-BD79-48DF-913C-D4994C06E379}.Release|Any CPU.Build.0 = Release|Any CPU
		{EDE60CB4-BD79-48DF-913C-D4994C06E379}.Release|x64.ActiveCfg = Release|Any CPU
		{EDE60CB4-BD79-48DF-913C-D4994C06E379}.Release|x64.Build.0 = Release|Any CPU
		{EDE60CB4-BD79-48DF-913C-D4994C06E379}.Release|x86.ActiveCfg = Release|Any CPU
		{EDE60CB4-BD79-48DF-913C-D4994C06E379}.Release|x86.Build.0 = Release|Any CPU
	EndGlobalSection
EndGlobal
